// !$*UTF8*$!
{
	archiveVersion = 1;
	classes = {
	};
	objectVersion = 46;
	objects = {

/* Begin PBXBuildFile section */
		399583B21AAA1D290098F7AE /* main.m in Sources */ = {isa = PBXBuildFile; fileRef = 399583B11AAA1D290098F7AE /* main.m */; };
		399583B51AAA1D290098F7AE /* AppDelegate.m in Sources */ = {isa = PBXBuildFile; fileRef = 399583B41AAA1D290098F7AE /* AppDelegate.m */; };
		399583B81AAA1D290098F7AE /* ViewController.m in Sources */ = {isa = PBXBuildFile; fileRef = 399583B71AAA1D290098F7AE /* ViewController.m */; };
		399583BB1AAA1D290098F7AE /* Main.storyboard in Resources */ = {isa = PBXBuildFile; fileRef = 399583B91AAA1D290098F7AE /* Main.storyboard */; };
		399583BD1AAA1D290098F7AE /* Images.xcassets in Resources */ = {isa = PBXBuildFile; fileRef = 399583BC1AAA1D290098F7AE /* Images.xcassets */; };
		399583C01AAA1D2A0098F7AE /* LaunchScreen.xib in Resources */ = {isa = PBXBuildFile; fileRef = 399583BE1AAA1D2A0098F7AE /* LaunchScreen.xib */; };
		399583CC1AAA1D2A0098F7AE /* ResistantstarchTests.m in Sources */ = {isa = PBXBuildFile; fileRef = 399583CB1AAA1D2A0098F7AE /* ResistantstarchTests.m */; };
/* End PBXBuildFile section */

/* Begin PBXContainerItemProxy section */
		399583C61AAA1D2A0098F7AE /* PBXContainerItemProxy */ = {
			isa = PBXContainerItemProxy;
			containerPortal = 399583A41AAA1D290098F7AE /* Project object */;
			proxyType = 1;
			remoteGlobalIDString = 399583AB1AAA1D290098F7AE;
			remoteInfo = Resistantstarch;
		};
/* End PBXContainerItemProxy section */

/* Begin PBXFileReference section */
		399583AC1AAA1D290098F7AE /* Resistantstarch.app */ = {isa = PBXFileReference; explicitFileType = wrapper.application; includeInIndex = 0; path = Resistantstarch.app; sourceTree = BUILT_PRODUCTS_DIR; };
		399583B01AAA1D290098F7AE /* Info.plist */ = {isa = PBXFileReference; lastKnownFileType = text.plist.xml; path = Info.plist; sourceTree = "<group>"; };
		399583B11AAA1D290098F7AE /* main.m */ = {isa = PBXFileReference; lastKnownFileType = sourcecode.c.objc; path = main.m; sourceTree = "<group>"; };
		399583B31AAA1D290098F7AE /* AppDelegate.h */ = {isa = PBXFileReference; lastKnownFileType = sourcecode.c.h; path = AppDelegate.h; sourceTree = "<group>"; };
		399583B41AAA1D290098F7AE /* AppDelegate.m */ = {isa = PBXFileReference; lastKnownFileType = sourcecode.c.objc; path = AppDelegate.m; sourceTree = "<group>"; };
		399583B61AAA1D290098F7AE /* ViewController.h */ = {isa = PBXFileReference; lastKnownFileType = sourcecode.c.h; path = ViewController.h; sourceTree = "<group>"; };
		399583B71AAA1D290098F7AE /* ViewController.m */ = {isa = PBXFileReference; lastKnownFileType = sourcecode.c.objc; path = ViewController.m; sourceTree = "<group>"; };
		399583BA1AAA1D290098F7AE /* Base */ = {isa = PBXFileReference; lastKnownFileType = file.storyboard; name = Base; path = Base.lproj/Main.storyboard; sourceTree = "<group>"; };
		399583BC1AAA1D290098F7AE /* Images.xcassets */ = {isa = PBXFileReference; lastKnownFileType = folder.assetcatalog; path = Images.xcassets; sourceTree = "<group>"; };
		399583BF1AAA1D2A0098F7AE /* Base */ = {isa = PBXFileReference; lastKnownFileType = file.xib; name = Base; path = Base.lproj/LaunchScreen.xib; sourceTree = "<group>"; };
		399583C51AAA1D2A0098F7AE /* ResistantstarchTests.xctest */ = {isa = PBXFileReference; explicitFileType = wrapper.cfbundle; includeInIndex = 0; path = ResistantstarchTests.xctest; sourceTree = BUILT_PRODUCTS_DIR; };
		399583CA1AAA1D2A0098F7AE /* Info.plist */ = {isa = PBXFileReference; lastKnownFileType = text.plist.xml; path = Info.plist; sourceTree = "<group>"; };
		399583CB1AAA1D2A0098F7AE /* ResistantstarchTests.m */ = {isa = PBXFileReference; lastKnownFileType = sourcecode.c.objc; path = ResistantstarchTests.m; sourceTree = "<group>"; };
/* End PBXFileReference section */

/* Begin PBXFrameworksBuildPhase section */
		399583A91AAA1D290098F7AE /* Frameworks */ = {
			isa = PBXFrameworksBuildPhase;
			buildActionMask = 2147483647;
			files = (
			);
			runOnlyForDeploymentPostprocessing = 0;
		};
		399583C21AAA1D2A0098F7AE /* Frameworks */ = {
			isa = PBXFrameworksBuildPhase;
			buildActionMask = 2147483647;
			files = (
			);
			runOnlyForDeploymentPostprocessing = 0;
		};
/* End PBXFrameworksBuildPhase section */

/* Begin PBXGroup section */
		399583A31AAA1D290098F7AE = {
			isa = PBXGroup;
			children = (
				399583AE1AAA1D290098F7AE /* Resistantstarch */,
				399583C81AAA1D2A0098F7AE /* ResistantstarchTests */,
				399583AD1AAA1D290098F7AE /* Products */,
			);
			sourceTree = "<group>";
		};
		399583AD1AAA1D290098F7AE /* Products */ = {
			isa = PBXGroup;
			children = (
				399583AC1AAA1D290098F7AE /* Resistantstarch.app */,
				399583C51AAA1D2A0098F7AE /* ResistantstarchTests.xctest */,
			);
			name = Products;
			sourceTree = "<group>";
		};
		399583AE1AAA1D290098F7AE /* Resistantstarch */ = {
			isa = PBXGroup;
			children = (
				399583B31AAA1D290098F7AE /* AppDelegate.h */,
				399583B41AAA1D290098F7AE /* AppDelegate.m */,
				399583B61AAA1D290098F7AE /* ViewController.h */,
				399583B71AAA1D290098F7AE /* ViewController.m */,
				399583B91AAA1D290098F7AE /* Main.storyboard */,
				399583BC1AAA1D290098F7AE /* Images.xcassets */,
				399583BE1AAA1D2A0098F7AE /* LaunchScreen.xib */,
				399583AF1AAA1D290098F7AE /* Supporting Files */,
			);
			path = Resistantstarch;
			sourceTree = "<group>";
		};
		399583AF1AAA1D290098F7AE /* Supporting Files */ = {
			isa = PBXGroup;
			children = (
				399583B01AAA1D290098F7AE /* Info.plist */,
				399583B11AAA1D290098F7AE /* main.m */,
			);
			name = "Supporting Files";
			sourceTree = "<group>";
		};
		399583C81AAA1D2A0098F7AE /* ResistantstarchTests */ = {
			isa = PBXGroup;
			children = (
				399583CB1AAA1D2A0098F7AE /* ResistantstarchTests.m */,
				399583C91AAA1D2A0098F7AE /* Supporting Files */,
			);
			path = ResistantstarchTests;
			sourceTree = "<group>";
		};
		399583C91AAA1D2A0098F7AE /* Supporting Files */ = {
			isa = PBXGroup;
			children = (
				399583CA1AAA1D2A0098F7AE /* Info.plist */,
			);
			name = "Supporting Files";
			sourceTree = "<group>";
		};
/* End PBXGroup section */

/* Begin PBXNativeTarget section */
		399583AB1AAA1D290098F7AE /* Resistantstarch */ = {
			isa = PBXNativeTarget;
			buildConfigurationList = 399583CF1AAA1D2A0098F7AE /* Build configuration list for PBXNativeTarget "Resistantstarch" */;
			buildPhases = (
				399583A81AAA1D290098F7AE /* Sources */,
				399583A91AAA1D290098F7AE /* Frameworks */,
				399583AA1AAA1D290098F7AE /* Resources */,
			);
			buildRules = (
			);
			dependencies = (
			);
			name = Resistantstarch;
			productName = Resistantstarch;
			productReference = 399583AC1AAA1D290098F7AE /* Resistantstarch.app */;
			productType = "com.apple.product-type.application";
		};
		399583C41AAA1D2A0098F7AE /* ResistantstarchTests */ = {
			isa = PBXNativeTarget;
			buildConfigurationList = 399583D21AAA1D2A0098F7AE /* Build configuration list for PBXNativeTarget "ResistantstarchTests" */;
			buildPhases = (
				399583C11AAA1D2A0098F7AE /* Sources */,
				399583C21AAA1D2A0098F7AE /* Frameworks */,
				399583C31AAA1D2A0098F7AE /* Resources */,
			);
			buildRules = (
			);
			dependencies = (
				399583C71AAA1D2A0098F7AE /* PBXTargetDependency */,
			);
			name = ResistantstarchTests;
			productName = ResistantstarchTests;
			productReference = 399583C51AAA1D2A0098F7AE /* ResistantstarchTests.xctest */;
			productType = "com.apple.product-type.bundle.unit-test";
		};
/* End PBXNativeTarget section */

/* Begin PBXProject section */
		399583A41AAA1D290098F7AE /* Project object */ = {
			isa = PBXProject;
			attributes = {
				LastUpgradeCheck = 0610;
				ORGANIZATIONNAME = Noizy;
				TargetAttributes = {
					399583AB1AAA1D290098F7AE = {
						CreatedOnToolsVersion = 6.1.1;
					};
					399583C41AAA1D2A0098F7AE = {
						CreatedOnToolsVersion = 6.1.1;
						TestTargetID = 399583AB1AAA1D290098F7AE;
					};
				};
			};
			buildConfigurationList = 399583A71AAA1D290098F7AE /* Build configuration list for PBXProject "Resistantstarch" */;
			compatibilityVersion = "Xcode 3.2";
			developmentRegion = English;
			hasScannedForEncodings = 0;
			knownRegions = (
				en,
				Base,
			);
			mainGroup = 399583A31AAA1D290098F7AE;
			productRefGroup = 399583AD1AAA1D290098F7AE /* Products */;
			projectDirPath = "";
			projectRoot = "";
			targets = (
				399583AB1AAA1D290098F7AE /* Resistantstarch */,
				399583C41AAA1D2A0098F7AE /* ResistantstarchTests */,
			);
		};
/* End PBXProject section */

/* Begin PBXResourcesBuildPhase section */
		399583AA1AAA1D290098F7AE /* Resources */ = {
			isa = PBXResourcesBuildPhase;
			buildActionMask = 2147483647;
			files = (
				399583BB1AAA1D290098F7AE /* Main.storyboard in Resources */,
				399583C01AAA1D2A0098F7AE /* LaunchScreen.xib in Resources */,
				399583BD1AAA1D290098F7AE /* Images.xcassets in Resources */,
			);
			runOnlyForDeploymentPostprocessing = 0;
		};
		399583C31AAA1D2A0098F7AE /* Resources */ = {
			isa = PBXResourcesBuildPhase;
			buildActionMask = 2147483647;
			files = (
			);
			runOnlyForDeploymentPostprocessing = 0;
		};
/* End PBXResourcesBuildPhase section */

/* Begin PBXSourcesBuildPhase section */
		399583A81AAA1D290098F7AE /* Sources */ = {
			isa = PBXSourcesBuildPhase;
			buildActionMask = 2147483647;
			files = (
				399583B81AAA1D290098F7AE /* ViewController.m in Sources */,
				399583B51AAA1D290098F7AE /* AppDelegate.m in Sources */,
				399583B21AAA1D290098F7AE /* main.m in Sources */,
			);
			runOnlyForDeploymentPostprocessing = 0;
		};
		399583C11AAA1D2A0098F7AE /* Sources */ = {
			isa = PBXSourcesBuildPhase;
			buildActionMask = 2147483647;
			files = (
				399583CC1AAA1D2A0098F7AE /* ResistantstarchTests.m in Sources */,
			);
			runOnlyForDeploymentPostprocessing = 0;
		};
/* End PBXSourcesBuildPhase section */

/* Begin PBXTargetDependency section */
		399583C71AAA1D2A0098F7AE /* PBXTargetDependency */ = {
			isa = PBXTargetDependency;
			target = 399583AB1AAA1D290098F7AE /* Resistantstarch */;
			targetProxy = 399583C61AAA1D2A0098F7AE /* PBXContainerItemProxy */;
		};
/* End PBXTargetDependency section */

/* Begin PBXVariantGroup section */
		399583B91AAA1D290098F7AE /* Main.storyboard */ = {
			isa = PBXVariantGroup;
			children = (
				399583BA1AAA1D290098F7AE /* Base */,
			);
			name = Main.storyboard;
			sourceTree = "<group>";
		};
		399583BE1AAA1D2A0098F7AE /* LaunchScreen.xib */ = {
			isa = PBXVariantGroup;
			children = (
				399583BF1AAA1D2A0098F7AE /* Base */,
			);
			name = LaunchScreen.xib;
			sourceTree = "<group>";
		};
/* End PBXVariantGroup section */

/* Begin XCBuildConfiguration section */
		399583CD1AAA1D2A0098F7AE /* Debug */ = {
			isa = XCBuildConfiguration;
			buildSettings = {
				ALWAYS_SEARCH_USER_PATHS = NO;
				CLANG_CXX_LANGUAGE_STANDARD = "gnu++0x";
				CLANG_CXX_LIBRARY = "libc++";
				CLANG_ENABLE_MODULES = YES;
				CLANG_ENABLE_OBJC_ARC = YES;
				CLANG_WARN_BOOL_CONVERSION = YES;
				CLANG_WARN_CONSTANT_CONVERSION = YES;
				CLANG_WARN_DIRECT_OBJC_ISA_USAGE = YES_ERROR;
				CLANG_WARN_EMPTY_BODY = YES;
				CLANG_WARN_ENUM_CONVERSION = YES;
				CLANG_WARN_INT_CONVERSION = YES;
				CLANG_WARN_OBJC_ROOT_CLASS = YES_ERROR;
				CLANG_WARN_UNREACHABLE_CODE = YES;
				CLANG_WARN__DUPLICATE_METHOD_MATCH = YES;
				"CODE_SIGN_IDENTITY[sdk=iphoneos*]" = "iPhone Developer";
				COPY_PHASE_STRIP = NO;
				ENABLE_STRICT_OBJC_MSGSEND = YES;
				GCC_C_LANGUAGE_STANDARD = gnu99;
				GCC_DYNAMIC_NO_PIC = NO;
				GCC_OPTIMIZATION_LEVEL = 0;
				GCC_PREPROCESSOR_DEFINITIONS = (
					"DEBUG=1",
					"$(inherited)",
				);
				GCC_SYMBOLS_PRIVATE_EXTERN = NO;
				GCC_WARN_64_TO_32_BIT_CONVERSION = YES;
				GCC_WARN_ABOUT_RETURN_TYPE = YES_ERROR;
				GCC_WARN_UNDECLARED_SELECTOR = YES;
				GCC_WARN_UNINITIALIZED_AUTOS = YES_AGGRESSIVE;
				GCC_WARN_UNUSED_FUNCTION = YES;
				GCC_WARN_UNUSED_VARIABLE = YES;
				IPHONEOS_DEPLOYMENT_TARGET = 8.1;
				MTL_ENABLE_DEBUG_INFO = YES;
				ONLY_ACTIVE_ARCH = YES;
				SDKROOT = iphoneos;
			};
			name = Debug;
		};
		399583CE1AAA1D2A0098F7AE /* Release */ = {
			isa = XCBuildConfiguration;
			buildSettings = {
				ALWAYS_SEARCH_USER_PATHS = NO;
				CLANG_CXX_LANGUAGE_STANDARD = "gnu++0x";
				CLANG_CXX_LIBRARY = "libc++";
				CLANG_ENABLE_MODULES = YES;
				CLANG_ENABLE_OBJC_ARC = YES;
				CLANG_WARN_BOOL_CONVERSION = YES;
				CLANG_WARN_CONSTANT_CONVERSION = YES;
				CLANG_WARN_DIRECT_OBJC_ISA_USAGE = YES_ERROR;
				CLANG_WARN_EMPTY_BODY = YES;
				CLANG_WARN_ENUM_CONVERSION = YES;
				CLANG_WARN_INT_CONVERSION = YES;
				CLANG_WARN_OBJC_ROOT_CLASS = YES_ERROR;
				CLANG_WARN_UNREACHABLE_CODE = YES;
				CLANG_WARN__DUPLICATE_METHOD_MATCH = YES;
				"CODE_SIGN_IDENTITY[sdk=iphoneos*]" = "iPhone Developer";
				COPY_PHASE_STRIP = YES;
				ENABLE_NS_ASSERTIONS = NO;
				ENABLE_STRICT_OBJC_MSGSEND = YES;
				GCC_C_LANGUAGE_STANDARD = gnu99;
				GCC_WARN_64_TO_32_BIT_CONVERSION = YES;
				GCC_WARN_ABOUT_RETURN_TYPE = YES_ERROR;
				GCC_WARN_UNDECLARED_SELECTOR = YES;
				GCC_WARN_UNINITIALIZED_AUTOS = YES_AGGRESSIVE;
				GCC_WARN_UNUSED_FUNCTION = YES;
				GCC_WARN_UNUSED_VARIABLE = YES;
				IPHONEOS_DEPLOYMENT_TARGET = 8.1;
				MTL_ENABLE_DEBUG_INFO = NO;
				SDKROOT = iphoneos;
				VALIDATE_PRODUCT = YES;
			};
			name = Release;
		};
		399583D01AAA1D2A0098F7AE /* Debug */ = {
			isa = XCBuildConfiguration;
			buildSettings = {
				ASSETCATALOG_COMPILER_APPICON_NAME = AppIcon;
				INFOPLIST_FILE = Resistantstarch/Info.plist;
				LD_RUNPATH_SEARCH_PATHS = "$(inherited) @executable_path/Frameworks";
				PRODUCT_NAME = "$(TARGET_NAME)";
			};
			name = Debug;
		};
		399583D11AAA1D2A0098F7AE /* Release */ = {
			isa = XCBuildConfiguration;
			buildSettings = {
				ASSETCATALOG_COMPILER_APPICON_NAME = AppIcon;
				INFOPLIST_FILE = Resistantstarch/Info.plist;
				LD_RUNPATH_SEARCH_PATHS = "$(inherited) @executable_path/Frameworks";
				PRODUCT_NAME = "$(TARGET_NAME)";
			};
			name = Release;
		};
		399583D31AAA1D2A0098F7AE /* Debug */ = {
			isa = XCBuildConfiguration;
			buildSettings = {
				BUNDLE_LOADER = "$(TEST_HOST)";
				FRAMEWORK_SEARCH_PATHS = (
					"$(SDKROOT)/Developer/Library/Frameworks",
					"$(inherited)",
				);
				GCC_PREPROCESSOR_DEFINITIONS = (
					"DEBUG=1",
					"$(inherited)",
				);
				INFOPLIST_FILE = ResistantstarchTests/Info.plist;
				LD_RUNPATH_SEARCH_PATHS = "$(inherited) @executable_path/Frameworks @loader_path/Frameworks";
				PRODUCT_NAME = "$(TARGET_NAME)";
				TEST_HOST = "$(BUILT_PRODUCTS_DIR)/Resistantstarch.app/Resistantstarch";
			};
			name = Debug;
		};
		399583D41AAA1D2A0098F7AE /* Release */ = {
			isa = XCBuildConfiguration;
			buildSettings = {
				BUNDLE_LOADER = "$(TEST_HOST)";
				FRAMEWORK_SEARCH_PATHS = (
					"$(SDKROOT)/Developer/Library/Frameworks",
					"$(inherited)",
				);
				INFOPLIST_FILE = ResistantstarchTests/Info.plist;
				LD_RUNPATH_SEARCH_PATHS = "$(inherited) @executable_path/Frameworks @loader_path/Frameworks";
				PRODUCT_NAME = "$(TARGET_NAME)";
				TEST_HOST = "$(BUILT_PRODUCTS_DIR)/Resistantstarch.app/Resistantstarch";
			};
			name = Release;
		};
/* End XCBuildConfiguration section */

/* Begin XCConfigurationList section */
		399583A71AAA1D290098F7AE /* Build configuration list for PBXProject "Resistantstarch" */ = {
			isa = XCConfigurationList;
			buildConfigurations = (
				399583CD1AAA1D2A0098F7AE /* Debug */,
				399583CE1AAA1D2A0098F7AE /* Release */,
			);
			defaultConfigurationIsVisible = 0;
			defaultConfigurationName = Release;
		};
		399583CF1AAA1D2A0098F7AE /* Build configuration list for PBXNativeTarget "Resistantstarch" */ = {
			isa = XCConfigurationList;
			buildConfigurations = (
				399583D01AAA1D2A0098F7AE /* Debug */,
				399583D11AAA1D2A0098F7AE /* Release */,
			);
			defaultConfigurationIsVisible = 0;
		};
		399583D21AAA1D2A0098F7AE /* Build configuration list for PBXNativeTarget "ResistantstarchTests" */ = {
			isa = XCConfigurationList;
			buildConfigurations = (
				399583D31AAA1D2A0098F7AE /* Debug */,
				399583D41AAA1D2A0098F7AE /* Release */,
			);
			defaultConfigurationIsVisible = 0;
		};
/* End XCConfigurationList section */
	};
	rootObject = 399583A41AAA1D290098F7AE /* Project object */;
}
